
Microsoft Visual Studio Solution File, Format Version 12.00
# Visual Studio Version 17
VisualStudioVersion = 17.10.35004.147
MinimumVisualStudioVersion = 10.0.40219.1
Project("{FAE04EC0-301F-11D3-BF4B-00C04F79EFBC}") = "SlidelyFormApp", "SlidelyFormApp.csproj", "{06490222-2944-410D-AB35-189543F68768}"
EndProject
Global
	GlobalSection(SolutionConfigurationPlatforms) = preSolution
		Debug|Any CPU = Debug|Any CPU
		Release|Any CPU = Release|Any CPU
	EndGlobalSection
	GlobalSection(ProjectConfigurationPlatforms) = postSolution
		{06490222-2944-410D-AB35-189543F68768}.Debug|Any CPU.ActiveCfg = Debug|Any CPU
		{06490222-2944-410D-AB35-189543F68768}.Debug|Any CPU.Build.0 = Debug|Any CPU
		{06490222-2944-410D-AB35-189543F68768}.Release|Any CPU.ActiveCfg = Release|Any CPU
		{06490222-2944-410D-AB35-189543F68768}.Release|Any CPU.Build.0 = Release|Any CPU
	EndGlobalSection
	GlobalSection(SolutionProperties) = preSolution
		HideSolutionNode = FALSE
	EndGlobalSection
	GlobalSection(ExtensibilityGlobals) = postSolution
		SolutionGuid = {44BB8AE1-521C-4516-ACAA-479C73382773}
	EndGlobalSection
EndGlobal
